
Microsoft Visual Studio Solution File, Format Version 12.00
# Visual Studio Version 16
VisualStudioVersion = 16.0.30128.74
MinimumVisualStudioVersion = 10.0.40219.1
Project("{FAE04EC0-301F-11D3-BF4B-00C04F79EFBC}") = "身分證號碼檢查", "身分證號碼檢查\身分證號碼檢查.csproj", "{9696C743-1A0C-4C5B-A51A-233A6BAD23BF}"
EndProject
Global
	GlobalSection(SolutionConfigurationPlatforms) = preSolution
		Debug|Any CPU = Debug|Any CPU
		Release|Any CPU = Release|Any CPU
	EndGlobalSection
	GlobalSection(ProjectConfigurationPlatforms) = postSolution
		{9696C743-1A0C-4C5B-A51A-233A6BAD23BF}.Debug|Any CPU.ActiveCfg = Debug|Any CPU
		{9696C743-1A0C-4C5B-A51A-233A6BAD23BF}.Debug|Any CPU.Build.0 = Debug|Any CPU
		{9696C743-1A0C-4C5B-A51A-233A6BAD23BF}.Release|Any CPU.ActiveCfg = Release|Any CPU
		{9696C743-1A0C-4C5B-A51A-233A6BAD23BF}.Release|Any CPU.Build.0 = Release|Any CPU
	EndGlobalSection
	GlobalSection(SolutionProperties) = preSolution
		HideSolutionNode = FALSE
	EndGlobalSection
	GlobalSection(ExtensibilityGlobals) = postSolution
		SolutionGuid = {C0E02B4A-5B10-4B4F-BE32-DA68F0E192E0}
	EndGlobalSection
EndGlobal
