
Microsoft Visual Studio Solution File, Format Version 12.00
# Visual Studio Version 16
VisualStudioVersion = 16.0.30503.244
MinimumVisualStudioVersion = 10.0.40219.1
Project("{FAE04EC0-301F-11D3-BF4B-00C04F79EFBC}") = "撲克牌比大小", "撲克牌比大小.csproj", "{4681E647-28D9-4F9A-844A-31EB2DC84FBD}"
EndProject
Global
	GlobalSection(SolutionConfigurationPlatforms) = preSolution
		Debug|Any CPU = Debug|Any CPU
		Release|Any CPU = Release|Any CPU
	EndGlobalSection
	GlobalSection(ProjectConfigurationPlatforms) = postSolution
		{4681E647-28D9-4F9A-844A-31EB2DC84FBD}.Debug|Any CPU.ActiveCfg = Debug|Any CPU
		{4681E647-28D9-4F9A-844A-31EB2DC84FBD}.Debug|Any CPU.Build.0 = Debug|Any CPU
		{4681E647-28D9-4F9A-844A-31EB2DC84FBD}.Release|Any CPU.ActiveCfg = Release|Any CPU
		{4681E647-28D9-4F9A-844A-31EB2DC84FBD}.Release|Any CPU.Build.0 = Release|Any CPU
	EndGlobalSection
	GlobalSection(SolutionProperties) = preSolution
		HideSolutionNode = FALSE
	EndGlobalSection
	GlobalSection(ExtensibilityGlobals) = postSolution
		SolutionGuid = {45D10508-8827-4006-87A5-2ADD4895148D}
	EndGlobalSection
EndGlobal
